
Microsoft Visual Studio Solution File, Format Version 12.00
# Visual Studio Version 17
VisualStudioVersion = 17.8.34316.72
MinimumVisualStudioVersion = 10.0.40219.1
Project("{FAE04EC0-301F-11D3-BF4B-00C04F79EFBC}") = "Lesson1", "Lesson1\Lesson1.csproj", "{D77BD0D3-5928-4948-8F5A-850C6B1A1FCF}"
EndProject
Global
	GlobalSection(SolutionConfigurationPlatforms) = preSolution
		Debug|Any CPU = Debug|Any CPU
		Release|Any CPU = Release|Any CPU
	EndGlobalSection
	GlobalSection(ProjectConfigurationPlatforms) = postSolution
		{D77BD0D3-5928-4948-8F5A-850C6B1A1FCF}.Debug|Any CPU.ActiveCfg = Debug|Any CPU
		{D77BD0D3-5928-4948-8F5A-850C6B1A1FCF}.Debug|Any CPU.Build.0 = Debug|Any CPU
		{D77BD0D3-5928-4948-8F5A-850C6B1A1FCF}.Release|Any CPU.ActiveCfg = Release|Any CPU
		{D77BD0D3-5928-4948-8F5A-850C6B1A1FCF}.Release|Any CPU.Build.0 = Release|Any CPU
	EndGlobalSection
	GlobalSection(SolutionProperties) = preSolution
		HideSolutionNode = FALSE
	EndGlobalSection
	GlobalSection(ExtensibilityGlobals) = postSolution
		SolutionGuid = {47033DFA-A00F-433F-BE5D-38A7A080E300}
	EndGlobalSection
EndGlobal
