
Microsoft Visual Studio Solution File, Format Version 12.00
# Visual Studio Version 17
VisualStudioVersion = 17.8.34316.72
MinimumVisualStudioVersion = 10.0.40219.1
Project("{FAE04EC0-301F-11D3-BF4B-00C04F79EFBC}") = "Lesson2", "Lesson2\Lesson2.csproj", "{876FFD8B-2DAF-4414-9D02-6C2876BDA777}"
EndProject
Global
	GlobalSection(SolutionConfigurationPlatforms) = preSolution
		Debug|Any CPU = Debug|Any CPU
		Release|Any CPU = Release|Any CPU
	EndGlobalSection
	GlobalSection(ProjectConfigurationPlatforms) = postSolution
		{876FFD8B-2DAF-4414-9D02-6C2876BDA777}.Debug|Any CPU.ActiveCfg = Debug|Any CPU
		{876FFD8B-2DAF-4414-9D02-6C2876BDA777}.Debug|Any CPU.Build.0 = Debug|Any CPU
		{876FFD8B-2DAF-4414-9D02-6C2876BDA777}.Release|Any CPU.ActiveCfg = Release|Any CPU
		{876FFD8B-2DAF-4414-9D02-6C2876BDA777}.Release|Any CPU.Build.0 = Release|Any CPU
	EndGlobalSection
	GlobalSection(SolutionProperties) = preSolution
		HideSolutionNode = FALSE
	EndGlobalSection
	GlobalSection(ExtensibilityGlobals) = postSolution
		SolutionGuid = {0161B9EC-F430-4A2E-BBB9-F681DB2F566B}
	EndGlobalSection
EndGlobal
